Microsoft Visual Studio Solution File, Format Version 12.00
# Visual Studio Version 17
VisualStudioVersion = 17.5.2.0
MinimumVisualStudioVersion = 10.0.40219.1
Project("{FAE04EC0-301F-11D3-BF4B-00C04F79EFBC}") = "PolytopiaCombatRolls", "PolytopiaCombatRolls.csproj", "{0F21555A-66CC-16C7-FF3D-24D7C55EF712}"
EndProject
Global
	GlobalSection(SolutionConfigurationPlatforms) = preSolution
		Debug|Any CPU = Debug|Any CPU
		Release|Any CPU = Release|Any CPU
	EndGlobalSection
	GlobalSection(ProjectConfigurationPlatforms) = postSolution
		{0F21555A-66CC-16C7-FF3D-24D7C55EF712}.Debug|Any CPU.ActiveCfg = Debug|Any CPU
		{0F21555A-66CC-16C7-FF3D-24D7C55EF712}.Debug|Any CPU.Build.0 = Debug|Any CPU
		{0F21555A-66CC-16C7-FF3D-24D7C55EF712}.Release|Any CPU.ActiveCfg = Release|Any CPU
		{0F21555A-66CC-16C7-FF3D-24D7C55EF712}.Release|Any CPU.Build.0 = Release|Any CPU
	EndGlobalSection
	GlobalSection(SolutionProperties) = preSolution
		HideSolutionNode = FALSE
	EndGlobalSection
	GlobalSection(ExtensibilityGlobals) = postSolution
		SolutionGuid = {06184F10-071D-4D0E-9EB8-E1FFD3F926F1}
	EndGlobalSection
EndGlobal
